PODS:
  - AppMonet_Mopub-universal (1.7.15)
  - mopub-ios-sdk (5.12.0):
    - mopub-ios-sdk/MoPubSDK (= 5.12.0)
  - mopub-ios-sdk/Avid (5.12.0):
    - mopub-ios-sdk/Core
  - mopub-ios-sdk/Core (5.12.0)
  - mopub-ios-sdk/Moat (5.12.0):
    - mopub-ios-sdk/Core
  - mopub-ios-sdk/MoPubSDK (5.12.0):
    - mopub-ios-sdk/Avid
    - mopub-ios-sdk/Core
    - mopub-ios-sdk/Moat
    - mopub-ios-sdk/NativeAds
  - mopub-ios-sdk/NativeAds (5.12.0):
    - mopub-ios-sdk/Core

DEPENDENCIES:
  - AppMonet_Mopub-universal
  - mopub-ios-sdk

SPEC REPOS:
  https://downloads.a-mo.net/b2aa5d1bb6176d67f274e2fb200088eb367d1b9098ed7587/cocoapods:
    - AppMonet_Mopub-universal
  https://github.com/CocoaPods/Specs.git:
    - mopub-ios-sdk

SPEC CHECKSUMS:
  AppMonet_Mopub-universal: a1105beb298f9cc567f3075fe6ed704c3f17e91b
  mopub-ios-sdk: bb61d5741ba16c6a78e5a54e37bc60ef8c9a80a8

PODFILE CHECKSUM: c5f5fa70473b1a407c542630012a027ee8a999e0

COCOAPODS: 1.8.4
